
Microsoft Visual Studio Solution File, Format Version 12.00
# Visual Studio Version 17
VisualStudioVersion = 17.13.35818.85 d17.13
MinimumVisualStudioVersion = 10.0.40219.1
Project("{FAE04EC0-301F-11D3-BF4B-00C04F79EFBC}") = "Sporteredmenyek", "Sporteredmenyek\Sporteredmenyek.csproj", "{736C9BD2-107A-46D7-9437-5A513ECC61DB}"
EndProject
Global
	GlobalSection(SolutionConfigurationPlatforms) = preSolution
		Debug|Any CPU = Debug|Any CPU
		Release|Any CPU = Release|Any CPU
	EndGlobalSection
	GlobalSection(ProjectConfigurationPlatforms) = postSolution
		{736C9BD2-107A-46D7-9437-5A513ECC61DB}.Debug|Any CPU.ActiveCfg = Debug|Any CPU
		{736C9BD2-107A-46D7-9437-5A513ECC61DB}.Debug|Any CPU.Build.0 = Debug|Any CPU
		{736C9BD2-107A-46D7-9437-5A513ECC61DB}.Release|Any CPU.ActiveCfg = Release|Any CPU
		{736C9BD2-107A-46D7-9437-5A513ECC61DB}.Release|Any CPU.Build.0 = Release|Any CPU
	EndGlobalSection
	GlobalSection(SolutionProperties) = preSolution
		HideSolutionNode = FALSE
	EndGlobalSection
	GlobalSection(ExtensibilityGlobals) = postSolution
		SolutionGuid = {4CFEEC3A-588B-46BE-B21B-3CCDD203D391}
	EndGlobalSection
EndGlobal
